// !$*UTF8*$!
{
	archiveVersion = 1;
	classes = {
	};
	objectVersion = 46;
	objects = {

/* Begin PBXBuildFile section */
		1D3623260D0F684500981E51 /* AppDelegate.m in Sources */ = {isa = PBXBuildFile; fileRef = 1D3623250D0F684500981E51 /* AppDelegate.m */; };
		1D60589B0D05DD56006BFB54 /* main.m in Sources */ = {isa = PBXBuildFile; fileRef = 29B97316FDCFA39411CA2CEA /* main.m */; };
		1D60589F0D05DD5A006BFB54 /* Foundation.framework in Frameworks */ = {isa = PBXBuildFile; fileRef = 1D30AB110D05D00D00671497 /* Foundation.framework */; };
		1DF5F4E00D08C38300B7A737 /* UIKit.framework in Frameworks */ = {isa = PBXBuildFile; fileRef = 1DF5F4DF0D08C38300B7A737 /* UIKit.framework */; };
		28860BE50F44EE6400985440 /* CoreData.framework in Frameworks */ = {isa = PBXBuildFile; fileRef = 28860BE40F44EE6400985440 /* CoreData.framework */; };
		2892E4100DC94CBA00A64D0F /* CoreGraphics.framework in Frameworks */ = {isa = PBXBuildFile; fileRef = 2892E40F0DC94CBA00A64D0F /* CoreGraphics.framework */; };
		4397F2F5D331696658709B39 /* libPods-CootieTests.a in Frameworks */ = {isa = PBXBuildFile; fileRef = 97E8E1BDDAD59E815CE18077 /* libPods-CootieTests.a */; };
		9517278811880178003120ED /* cootie.wav in Resources */ = {isa = PBXBuildFile; fileRef = 9517278711880178003120ED /* cootie.wav */; };
		9538F58C1178446300C37A88 /* AudioToolbox.framework in Frameworks */ = {isa = PBXBuildFile; fileRef = 9538F58B1178446300C37A88 /* AudioToolbox.framework */; };
		95426307114D92CB00AA5D28 /* RootViewController.m in Sources */ = {isa = PBXBuildFile; fileRef = 95426305114D92CB00AA5D28 /* RootViewController.m */; };
		95426308114D92CB00AA5D28 /* RootViewController.xib in Resources */ = {isa = PBXBuildFile; fileRef = 95426306114D92CB00AA5D28 /* RootViewController.xib */; };
		9546DA1211728A050098EEA7 /* wide.png in Resources */ = {isa = PBXBuildFile; fileRef = 9546DA1111728A050098EEA7 /* wide.png */; };
		9546DA1411728A110098EEA7 /* tall.png in Resources */ = {isa = PBXBuildFile; fileRef = 9546DA1311728A110098EEA7 /* tall.png */; };
		9546DA1611728A190098EEA7 /* closed.png in Resources */ = {isa = PBXBuildFile; fileRef = 9546DA1511728A190098EEA7 /* closed.png */; };
		955399D61176744A00ED696E /* Icon.png in Resources */ = {isa = PBXBuildFile; fileRef = 955399D51176744A00ED696E /* Icon.png */; };
		956AAA301173D4E500FA95C9 /* Fortune.xcdatamodel in Sources */ = {isa = PBXBuildFile; fileRef = 956AAA2F1173D4E500FA95C9 /* Fortune.xcdatamodel */; };
		956AAA371173D52200FA95C9 /* Fortune.m in Sources */ = {isa = PBXBuildFile; fileRef = 956AAA361173D52200FA95C9 /* Fortune.m */; };
		957A93021159BB1F006760A3 /* FortuneViewController.m in Sources */ = {isa = PBXBuildFile; fileRef = 957A93001159BB1F006760A3 /* FortuneViewController.m */; };
		957A93031159BB1F006760A3 /* FortuneViewController.xib in Resources */ = {isa = PBXBuildFile; fileRef = 957A93011159BB1F006760A3 /* FortuneViewController.xib */; };
		9588982E115BF5B60008AB8D /* DetailViewController.xib in Resources */ = {isa = PBXBuildFile; fileRef = 9588982D115BF5B60008AB8D /* DetailViewController.xib */; };
		95E2A6D5119A66B2004E0D4D /* me_jenny.png in Resources */ = {isa = PBXBuildFile; fileRef = 95E2A6D4119A66B2004E0D4D /* me_jenny.png */; };
		95EF5F83115A9A93009A01A2 /* DetailViewController.m in Sources */ = {isa = PBXBuildFile; fileRef = 95EF5F81115A9A93009A01A2 /* DetailViewController.m */; };
		983C66E66DB53D7CF6F34AF0 /* libPods.a in Frameworks */ = {isa = PBXBuildFile; fileRef = 468C9FD97C3D4C42EC9FAC3D /* libPods.a */; };
		FCB9241B1BE956A2006EB199 /* WalterTurncoat.ttf in Resources */ = {isa = PBXBuildFile; fileRef = FCB9241A1BE956A2006EB199 /* WalterTurncoat.ttf */; settings = {ASSET_TAGS = (); }; };
		FCD292C41BE7E60200F5BDDC /* MenuViewController.m in Sources */ = {isa = PBXBuildFile; fileRef = FCD292C21BE7E60200F5BDDC /* MenuViewController.m */; settings = {ASSET_TAGS = (); }; };
		FCD292C51BE7E60200F5BDDC /* MenuViewController.xib in Resources */ = {isa = PBXBuildFile; fileRef = FCD292C31BE7E60200F5BDDC /* MenuViewController.xib */; settings = {ASSET_TAGS = (); }; };
		FCF59BD71BF6B59300BB3D26 /* CootieTests.m in Sources */ = {isa = PBXBuildFile; fileRef = FCF59BD61BF6B59300BB3D26 /* CootieTests.m */; };
/* End PBXBuildFile section */

/* Begin PBXContainerItemProxy section */
		FCF59BD91BF6B59300BB3D26 /* PBXContainerItemProxy */ = {
			isa = PBXContainerItemProxy;
			containerPortal = 29B97313FDCFA39411CA2CEA /* Project object */;
			proxyType = 1;
			remoteGlobalIDString = 1D6058900D05DD3D006BFB54;
			remoteInfo = Cootie;
		};
/* End PBXContainerItemProxy section */

/* Begin PBXFileReference section */
		1D30AB110D05D00D00671497 /* Foundation.framework */ = {isa = PBXFileReference; lastKnownFileType = wrapper.framework; name = Foundation.framework; path = System/Library/Frameworks/Foundation.framework; sourceTree = SDKROOT; };
		1D3623240D0F684500981E51 /* AppDelegate.h */ = {isa = PBXFileReference; fileEncoding = 4; lastKnownFileType = sourcecode.c.h; path = AppDelegate.h; sourceTree = "<group>"; };
		1D3623250D0F684500981E51 /* AppDelegate.m */ = {isa = PBXFileReference; fileEncoding = 4; lastKnownFileType = sourcecode.c.objc; path = AppDelegate.m; sourceTree = "<group>"; };
		1D6058910D05DD3D006BFB54 /* Cootie.app */ = {isa = PBXFileReference; explicitFileType = wrapper.application; includeInIndex = 0; path = Cootie.app; sourceTree = BUILT_PRODUCTS_DIR; };
		1DF5F4DF0D08C38300B7A737 /* UIKit.framework */ = {isa = PBXFileReference; lastKnownFileType = wrapper.framework; name = UIKit.framework; path = System/Library/Frameworks/UIKit.framework; sourceTree = SDKROOT; };
		28860BE40F44EE6400985440 /* CoreData.framework */ = {isa = PBXFileReference; lastKnownFileType = wrapper.framework; name = CoreData.framework; path = System/Library/Frameworks/CoreData.framework; sourceTree = SDKROOT; };
		2892E40F0DC94CBA00A64D0F /* CoreGraphics.framework */ = {isa = PBXFileReference; lastKnownFileType = wrapper.framework; name = CoreGraphics.framework; path = System/Library/Frameworks/CoreGraphics.framework; sourceTree = SDKROOT; };
		28A0AAE50D9B0CCF005BE974 /* Cootie_Prefix.pch */ = {isa = PBXFileReference; fileEncoding = 4; lastKnownFileType = sourcecode.c.h; path = Cootie_Prefix.pch; sourceTree = "<group>"; };
		29B97316FDCFA39411CA2CEA /* main.m */ = {isa = PBXFileReference; fileEncoding = 4; lastKnownFileType = sourcecode.c.objc; path = main.m; sourceTree = "<group>"; };
		2DC556036437CBB6A13B5781 /* Pods-CootieTests.release.xcconfig */ = {isa = PBXFileReference; includeInIndex = 1; lastKnownFileType = text.xcconfig; name = "Pods-CootieTests.release.xcconfig"; path = "Pods/Target Support Files/Pods-CootieTests/Pods-CootieTests.release.xcconfig"; sourceTree = "<group>"; };
		32DD54E217F3E308F8B35306 /* Pods-CootieTests.debug.xcconfig */ = {isa = PBXFileReference; includeInIndex = 1; lastKnownFileType = text.xcconfig; name = "Pods-CootieTests.debug.xcconfig"; path = "Pods/Target Support Files/Pods-CootieTests/Pods-CootieTests.debug.xcconfig"; sourceTree = "<group>"; };
		468C9FD97C3D4C42EC9FAC3D /* libPods.a */ = {isa = PBXFileReference; explicitFileType = archive.ar; includeInIndex = 0; path = libPods.a; sourceTree = BUILT_PRODUCTS_DIR; };
		7326AFF8FC2EDA188114C70D /* Pods.release.xcconfig */ = {isa = PBXFileReference; includeInIndex = 1; lastKnownFileType = text.xcconfig; name = Pods.release.xcconfig; path = "Pods/Target Support Files/Pods/Pods.release.xcconfig"; sourceTree = "<group>"; };
		8D1107310486CEB800E47090 /* Cootie-Info.plist */ = {isa = PBXFileReference; fileEncoding = 4; lastKnownFileType = text.plist.xml; path = "Cootie-Info.plist"; plistStructureDefinitionIdentifier = "com.apple.xcode.plist.structure-definition.iphone.info-plist"; sourceTree = "<group>"; };
		9512086A115952D80009A649 /* Cootie2-Info.plist */ = {isa = PBXFileReference; lastKnownFileType = text.plist.xml; path = "Cootie2-Info.plist"; sourceTree = "<group>"; };
		9517278711880178003120ED /* cootie.wav */ = {isa = PBXFileReference; lastKnownFileType = audio.wav; path = cootie.wav; sourceTree = "<group>"; };
		9538F58B1178446300C37A88 /* AudioToolbox.framework */ = {isa = PBXFileReference; lastKnownFileType = wrapper.framework; name = AudioToolbox.framework; path = System/Library/Frameworks/AudioToolbox.framework; sourceTree = SDKROOT; };
		95426304114D92CB00AA5D28 /* RootViewController.h */ = {isa = PBXFileReference; fileEncoding = 4; lastKnownFileType = sourcecode.c.h; path = RootViewController.h; sourceTree = "<group>"; };
		95426305114D92CB00AA5D28 /* RootViewController.m */ = {isa = PBXFileReference; fileEncoding = 4; lastKnownFileType = sourcecode.c.objc; path = RootViewController.m; sourceTree = "<group>"; };
		95426306114D92CB00AA5D28 /* RootViewController.xib */ = {isa = PBXFileReference; lastKnownFileType = file.xib; name = RootViewController.xib; path = Classes/RootViewController.xib; sourceTree = "<group>"; };
		9546DA1111728A050098EEA7 /* wide.png */ = {isa = PBXFileReference; lastKnownFileType = image.png; path = wide.png; sourceTree = "<group>"; };
		9546DA1311728A110098EEA7 /* tall.png */ = {isa = PBXFileReference; lastKnownFileType = image.png; path = tall.png; sourceTree = "<group>"; };
		9546DA1511728A190098EEA7 /* closed.png */ = {isa = PBXFileReference; lastKnownFileType = image.png; path = closed.png; sourceTree = "<group>"; };
		955399D51176744A00ED696E /* Icon.png */ = {isa = PBXFileReference; lastKnownFileType = image.png; path = Icon.png; sourceTree = "<group>"; };
		956AAA2F1173D4E500FA95C9 /* Fortune.xcdatamodel */ = {isa = PBXFileReference; fileEncoding = 4; lastKnownFileType = wrapper.xcdatamodel; path = Fortune.xcdatamodel; sourceTree = "<group>"; };
		956AAA351173D52200FA95C9 /* Fortune.h */ = {isa = PBXFileReference; fileEncoding = 4; lastKnownFileType = sourcecode.c.h; path = Fortune.h; sourceTree = "<group>"; };
		956AAA361173D52200FA95C9 /* Fortune.m */ = {isa = PBXFileReference; fileEncoding = 4; lastKnownFileType = sourcecode.c.objc; path = Fortune.m; sourceTree = "<group>"; };
		957A92FF1159BB1F006760A3 /* FortuneViewController.h */ = {isa = PBXFileReference; fileEncoding = 4; lastKnownFileType = sourcecode.c.h; path = FortuneViewController.h; sourceTree = "<group>"; };
		957A93001159BB1F006760A3 /* FortuneViewController.m */ = {isa = PBXFileReference; fileEncoding = 4; lastKnownFileType = sourcecode.c.objc; path = FortuneViewController.m; sourceTree = "<group>"; };
		957A93011159BB1F006760A3 /* FortuneViewController.xib */ = {isa = PBXFileReference; lastKnownFileType = file.xib; name = FortuneViewController.xib; path = Classes/FortuneViewController.xib; sourceTree = "<group>"; };
		9588982D115BF5B60008AB8D /* DetailViewController.xib */ = {isa = PBXFileReference; lastKnownFileType = file.xib; name = DetailViewController.xib; path = Classes/DetailViewController.xib; sourceTree = "<group>"; };
		95E2A6D4119A66B2004E0D4D /* me_jenny.png */ = {isa = PBXFileReference; lastKnownFileType = image.png; path = me_jenny.png; sourceTree = "<group>"; };
		95EF5F80115A9A93009A01A2 /* DetailViewController.h */ = {isa = PBXFileReference; fileEncoding = 4; lastKnownFileType = sourcecode.c.h; path = DetailViewController.h; sourceTree = "<group>"; };
		95EF5F81115A9A93009A01A2 /* DetailViewController.m */ = {isa = PBXFileReference; fileEncoding = 4; lastKnownFileType = sourcecode.c.objc; path = DetailViewController.m; sourceTree = "<group>"; };
		97E8E1BDDAD59E815CE18077 /* libPods-CootieTests.a */ = {isa = PBXFileReference; explicitFileType = archive.ar; includeInIndex = 0; path = "libPods-CootieTests.a"; sourceTree = BUILT_PRODUCTS_DIR; };
		E9B9BEC135829CFD74B45F60 /* Pods.debug.xcconfig */ = {isa = PBXFileReference; includeInIndex = 1; lastKnownFileType = text.xcconfig; name = Pods.debug.xcconfig; path = "Pods/Target Support Files/Pods/Pods.debug.xcconfig"; sourceTree = "<group>"; };
		FCB9241A1BE956A2006EB199 /* WalterTurncoat.ttf */ = {isa = PBXFileReference; lastKnownFileType = file; path = WalterTurncoat.ttf; sourceTree = "<group>"; };
		FCB9241C1BE95714006EB199 /* UIButton+Cootie.h */ = {isa = PBXFileReference; fileEncoding = 4; lastKnownFileType = sourcecode.c.h; path = "UIButton+Cootie.h"; sourceTree = "<group>"; };
		FCD292C11BE7E60200F5BDDC /* MenuViewController.h */ = {isa = PBXFileReference; fileEncoding = 4; lastKnownFileType = sourcecode.c.h; path = MenuViewController.h; sourceTree = "<group>"; };
		FCD292C21BE7E60200F5BDDC /* MenuViewController.m */ = {isa = PBXFileReference; fileEncoding = 4; lastKnownFileType = sourcecode.c.objc; path = MenuViewController.m; sourceTree = "<group>"; };
		FCD292C31BE7E60200F5BDDC /* MenuViewController.xib */ = {isa = PBXFileReference; fileEncoding = 4; lastKnownFileType = file.xib; name = MenuViewController.xib; path = Classes/MenuViewController.xib; sourceTree = "<group>"; };
		FCF59BD41BF6B59300BB3D26 /* CootieTests.xctest */ = {isa = PBXFileReference; explicitFileType = wrapper.cfbundle; includeInIndex = 0; path = CootieTests.xctest; sourceTree = BUILT_PRODUCTS_DIR; };
		FCF59BD61BF6B59300BB3D26 /* CootieTests.m */ = {isa = PBXFileReference; lastKnownFileType = sourcecode.c.objc; path = CootieTests.m; sourceTree = "<group>"; };
		FCF59BD81BF6B59300BB3D26 /* Info.plist */ = {isa = PBXFileReference; lastKnownFileType = text.plist.xml; path = Info.plist; sourceTree = "<group>"; };
/* End PBXFileReference section */

/* Begin PBXFrameworksBuildPhase section */
		1D60588F0D05DD3D006BFB54 /* Frameworks */ = {
			isa = PBXFrameworksBuildPhase;
			buildActionMask = 2147483647;
			files = (
				1D60589F0D05DD5A006BFB54 /* Foundation.framework in Frameworks */,
				1DF5F4E00D08C38300B7A737 /* UIKit.framework in Frameworks */,
				2892E4100DC94CBA00A64D0F /* CoreGraphics.framework in Frameworks */,
				28860BE50F44EE6400985440 /* CoreData.framework in Frameworks */,
				9538F58C1178446300C37A88 /* AudioToolbox.framework in Frameworks */,
				983C66E66DB53D7CF6F34AF0 /* libPods.a in Frameworks */,
			);
			runOnlyForDeploymentPostprocessing = 0;
		};
		FCF59BD11BF6B59300BB3D26 /* Frameworks */ = {
			isa = PBXFrameworksBuildPhase;
			buildActionMask = 2147483647;
			files = (
				4397F2F5D331696658709B39 /* libPods-CootieTests.a in Frameworks */,
			);
			runOnlyForDeploymentPostprocessing = 0;
		};
/* End PBXFrameworksBuildPhase section */

/* Begin PBXGroup section */
		080E96DDFE201D6D7F000001 /* Classes */ = {
			isa = PBXGroup;
			children = (
				1D3623240D0F684500981E51 /* AppDelegate.h */,
				1D3623250D0F684500981E51 /* AppDelegate.m */,
				95426304114D92CB00AA5D28 /* RootViewController.h */,
				95426305114D92CB00AA5D28 /* RootViewController.m */,
				957A92FF1159BB1F006760A3 /* FortuneViewController.h */,
				957A93001159BB1F006760A3 /* FortuneViewController.m */,
				95EF5F80115A9A93009A01A2 /* DetailViewController.h */,
				95EF5F81115A9A93009A01A2 /* DetailViewController.m */,
				FCD292C11BE7E60200F5BDDC /* MenuViewController.h */,
				FCD292C21BE7E60200F5BDDC /* MenuViewController.m */,
				FCB9241C1BE95714006EB199 /* UIButton+Cootie.h */,
			);
			path = Classes;
			sourceTree = "<group>";
		};
		19C28FACFE9D520D11CA2CBB /* Products */ = {
			isa = PBXGroup;
			children = (
				1D6058910D05DD3D006BFB54 /* Cootie.app */,
				FCF59BD41BF6B59300BB3D26 /* CootieTests.xctest */,
			);
			name = Products;
			sourceTree = "<group>";
		};
		251A5A653773719ECA913736 /* Pods */ = {
			isa = PBXGroup;
			children = (
				E9B9BEC135829CFD74B45F60 /* Pods.debug.xcconfig */,
				7326AFF8FC2EDA188114C70D /* Pods.release.xcconfig */,
				32DD54E217F3E308F8B35306 /* Pods-CootieTests.debug.xcconfig */,
				2DC556036437CBB6A13B5781 /* Pods-CootieTests.release.xcconfig */,
			);
			name = Pods;
			sourceTree = "<group>";
		};
		29B97314FDCFA39411CA2CEA /* CustomTemplate */ = {
			isa = PBXGroup;
			children = (
				080E96DDFE201D6D7F000001 /* Classes */,
				FCD4AC201BE3D94700E34A85 /* Views */,
				29B97315FDCFA39411CA2CEA /* Other Sources */,
				29B97317FDCFA39411CA2CEA /* Resources-iPhone */,
				FCF59BD51BF6B59300BB3D26 /* CootieTests */,
				29B97323FDCFA39411CA2CEA /* Frameworks */,
				19C28FACFE9D520D11CA2CBB /* Products */,
				9512086A115952D80009A649 /* Cootie2-Info.plist */,
				251A5A653773719ECA913736 /* Pods */,
			);
			name = CustomTemplate;
			sourceTree = "<group>";
		};
		29B97315FDCFA39411CA2CEA /* Other Sources */ = {
			isa = PBXGroup;
			children = (
				28A0AAE50D9B0CCF005BE974 /* Cootie_Prefix.pch */,
				29B97316FDCFA39411CA2CEA /* main.m */,
			);
			name = "Other Sources";
			sourceTree = "<group>";
		};
		29B97317FDCFA39411CA2CEA /* Resources-iPhone */ = {
			isa = PBXGroup;
			children = (
				FCB9241A1BE956A2006EB199 /* WalterTurncoat.ttf */,
				9517278711880178003120ED /* cootie.wav */,
				95E2A6D4119A66B2004E0D4D /* me_jenny.png */,
				955399D51176744A00ED696E /* Icon.png */,
				956AAA351173D52200FA95C9 /* Fortune.h */,
				956AAA361173D52200FA95C9 /* Fortune.m */,
				9546DA1511728A190098EEA7 /* closed.png */,
				9546DA1311728A110098EEA7 /* tall.png */,
				9546DA1111728A050098EEA7 /* wide.png */,
				8D1107310486CEB800E47090 /* Cootie-Info.plist */,
				956AAA2F1173D4E500FA95C9 /* Fortune.xcdatamodel */,
			);
			name = "Resources-iPhone";
			sourceTree = "<group>";
		};
		29B97323FDCFA39411CA2CEA /* Frameworks */ = {
			isa = PBXGroup;
			children = (
				1DF5F4DF0D08C38300B7A737 /* UIKit.framework */,
				1D30AB110D05D00D00671497 /* Foundation.framework */,
				2892E40F0DC94CBA00A64D0F /* CoreGraphics.framework */,
				28860BE40F44EE6400985440 /* CoreData.framework */,
				9538F58B1178446300C37A88 /* AudioToolbox.framework */,
				468C9FD97C3D4C42EC9FAC3D /* libPods.a */,
				97E8E1BDDAD59E815CE18077 /* libPods-CootieTests.a */,
			);
			name = Frameworks;
			sourceTree = "<group>";
		};
		FCD4AC201BE3D94700E34A85 /* Views */ = {
			isa = PBXGroup;
			children = (
				FCD292C31BE7E60200F5BDDC /* MenuViewController.xib */,
				9588982D115BF5B60008AB8D /* DetailViewController.xib */,
				95426306114D92CB00AA5D28 /* RootViewController.xib */,
				957A93011159BB1F006760A3 /* FortuneViewController.xib */,
			);
			name = Views;
			sourceTree = "<group>";
		};
		FCF59BD51BF6B59300BB3D26 /* CootieTests */ = {
			isa = PBXGroup;
			children = (
				FCF59BD61BF6B59300BB3D26 /* CootieTests.m */,
				FCF59BD81BF6B59300BB3D26 /* Info.plist */,
			);
			path = CootieTests;
			sourceTree = "<group>";
		};
/* End PBXGroup section */

/* Begin PBXNativeTarget section */
		1D6058900D05DD3D006BFB54 /* Cootie */ = {
			isa = PBXNativeTarget;
			buildConfigurationList = 1D6058960D05DD3E006BFB54 /* Build configuration list for PBXNativeTarget "Cootie" */;
			buildPhases = (
				46E6FAD47710AD5E5D557619 /* Check Pods Manifest.lock */,
				1D60588D0D05DD3D006BFB54 /* Resources */,
				1D60588E0D05DD3D006BFB54 /* Sources */,
				1D60588F0D05DD3D006BFB54 /* Frameworks */,
				EE6AC7117C9F96AB810603B4 /* Embed Pods Frameworks */,
				92561919FA3B11BBC5CCC072 /* Copy Pods Resources */,
			);
			buildRules = (
			);
			dependencies = (
			);
			name = Cootie;
			productName = Cootie;
			productReference = 1D6058910D05DD3D006BFB54 /* Cootie.app */;
			productType = "com.apple.product-type.application";
		};
		FCF59BD31BF6B59300BB3D26 /* CootieTests */ = {
			isa = PBXNativeTarget;
			buildConfigurationList = FCF59BDD1BF6B59300BB3D26 /* Build configuration list for PBXNativeTarget "CootieTests" */;
			buildPhases = (
				9F1DE3ECD8264693B3C89594 /* Check Pods Manifest.lock */,
				FCF59BD01BF6B59300BB3D26 /* Sources */,
				FCF59BD11BF6B59300BB3D26 /* Frameworks */,
				FCF59BD21BF6B59300BB3D26 /* Resources */,
				58A7BA05925581A386D980E8 /* Embed Pods Frameworks */,
				5431AB8AE742976637DA7763 /* Copy Pods Resources */,
			);
			buildRules = (
			);
			dependencies = (
				FCF59BDA1BF6B59300BB3D26 /* PBXTargetDependency */,
			);
			name = CootieTests;
			productName = CootieTests;
			productReference = FCF59BD41BF6B59300BB3D26 /* CootieTests.xctest */;
			productType = "com.apple.product-type.bundle.unit-test";
		};
/* End PBXNativeTarget section */

/* Begin PBXProject section */
		29B97313FDCFA39411CA2CEA /* Project object */ = {
			isa = PBXProject;
			attributes = {
				LastUpgradeCheck = 0700;
				ORGANIZATIONNAME = banane.com;
				TargetAttributes = {
					FCF59BD31BF6B59300BB3D26 = {
						CreatedOnToolsVersion = 7.0.1;
						TestTargetID = 1D6058900D05DD3D006BFB54;
					};
				};
			};
			buildConfigurationList = C01FCF4E08A954540054247B /* Build configuration list for PBXProject "Cootie" */;
			compatibilityVersion = "Xcode 3.2";
			developmentRegion = English;
			hasScannedForEncodings = 1;
			knownRegions = (
				English,
				Japanese,
				French,
				German,
				en,
			);
			mainGroup = 29B97314FDCFA39411CA2CEA /* CustomTemplate */;
			projectDirPath = "";
			projectRoot = "";
			targets = (
				1D6058900D05DD3D006BFB54 /* Cootie */,
				FCF59BD31BF6B59300BB3D26 /* CootieTests */,
			);
		};
/* End PBXProject section */

/* Begin PBXResourcesBuildPhase section */
		1D60588D0D05DD3D006BFB54 /* Resources */ = {
			isa = PBXResourcesBuildPhase;
			buildActionMask = 2147483647;
			files = (
				95426308114D92CB00AA5D28 /* RootViewController.xib in Resources */,
				957A93031159BB1F006760A3 /* FortuneViewController.xib in Resources */,
				9588982E115BF5B60008AB8D /* DetailViewController.xib in Resources */,
				9546DA1211728A050098EEA7 /* wide.png in Resources */,
				9546DA1411728A110098EEA7 /* tall.png in Resources */,
				9546DA1611728A190098EEA7 /* closed.png in Resources */,
				955399D61176744A00ED696E /* Icon.png in Resources */,
				FCD292C51BE7E60200F5BDDC /* MenuViewController.xib in Resources */,
				9517278811880178003120ED /* cootie.wav in Resources */,
				95E2A6D5119A66B2004E0D4D /* me_jenny.png in Resources */,
				FCB9241B1BE956A2006EB199 /* WalterTurncoat.ttf in Resources */,
			);
			runOnlyForDeploymentPostprocessing = 0;
		};
		FCF59BD21BF6B59300BB3D26 /* Resources */ = {
			isa = PBXResourcesBuildPhase;
			buildActionMask = 2147483647;
			files = (
			);
			runOnlyForDeploymentPostprocessing = 0;
		};
/* End PBXResourcesBuildPhase section */

/* Begin PBXShellScriptBuildPhase section */
		46E6FAD47710AD5E5D557619 /* Check Pods Manifest.lock */ = {
			isa = PBXShellScriptBuildPhase;
			buildActionMask = 2147483647;
			files = (
			);
			inputPaths = (
			);
			name = "Check Pods Manifest.lock";
			outputPaths = (
			);
			runOnlyForDeploymentPostprocessing = 0;
			shellPath = /bin/sh;
			shellScript = "diff \"${PODS_ROOT}/../Podfile.lock\" \"${PODS_ROOT}/Manifest.lock\" > /dev/null\nif [[ $? != 0 ]] ; then\n    cat << EOM\nerror: The sandbox is not in sync with the Podfile.lock. Run 'pod install' or update your CocoaPods installation.\nEOM\n    exit 1\nfi\n";
			showEnvVarsInLog = 0;
		};
		5431AB8AE742976637DA7763 /* Copy Pods Resources */ = {
			isa = PBXShellScriptBuildPhase;
			buildActionMask = 2147483647;
			files = (
			);
			inputPaths = (
			);
			name = "Copy Pods Resources";
			outputPaths = (
			);
			runOnlyForDeploymentPostprocessing = 0;
			shellPath = /bin/sh;
			shellScript = "\"${SRCROOT}/Pods/Target Support Files/Pods-CootieTests/Pods-CootieTests-resources.sh\"\n";
			showEnvVarsInLog = 0;
		};
		58A7BA05925581A386D980E8 /* Embed Pods Frameworks */ = {
			isa = PBXShellScriptBuildPhase;
			buildActionMask = 2147483647;
			files = (
			);
			inputPaths = (
			);
			name = "Embed Pods Frameworks";
			outputPaths = (
			);
			runOnlyForDeploymentPostprocessing = 0;
			shellPath = /bin/sh;
			shellScript = "\"${SRCROOT}/Pods/Target Support Files/Pods-CootieTests/Pods-CootieTests-frameworks.sh\"\n";
			showEnvVarsInLog = 0;
		};
		92561919FA3B11BBC5CCC072 /* Copy Pods Resources */ = {
			isa = PBXShellScriptBuildPhase;
			buildActionMask = 2147483647;
			files = (
			);
			inputPaths = (
			);
			name = "Copy Pods Resources";
			outputPaths = (
			);
			runOnlyForDeploymentPostprocessing = 0;
			shellPath = /bin/sh;
			shellScript = "\"${SRCROOT}/Pods/Target Support Files/Pods/Pods-resources.sh\"\n";
			showEnvVarsInLog = 0;
		};
		9F1DE3ECD8264693B3C89594 /* Check Pods Manifest.lock */ = {
			isa = PBXShellScriptBuildPhase;
			buildActionMask = 2147483647;
			files = (
			);
			inputPaths = (
			);
			name = "Check Pods Manifest.lock";
			outputPaths = (
			);
			runOnlyForDeploymentPostprocessing = 0;
			shellPath = /bin/sh;
			shellScript = "diff \"${PODS_ROOT}/../Podfile.lock\" \"${PODS_ROOT}/Manifest.lock\" > /dev/null\nif [[ $? != 0 ]] ; then\n    cat << EOM\nerror: The sandbox is not in sync with the Podfile.lock. Run 'pod install' or update your CocoaPods installation.\nEOM\n    exit 1\nfi\n";
			showEnvVarsInLog = 0;
		};
		EE6AC7117C9F96AB810603B4 /* Embed Pods Frameworks */ = {
			isa = PBXShellScriptBuildPhase;
			buildActionMask = 2147483647;
			files = (
			);
			inputPaths = (
			);
			name = "Embed Pods Frameworks";
			outputPaths = (
			);
			runOnlyForDeploymentPostprocessing = 0;
			shellPath = /bin/sh;
			shellScript = "\"${SRCROOT}/Pods/Target Support Files/Pods/Pods-frameworks.sh\"\n";
			showEnvVarsInLog = 0;
		};
/* End PBXShellScriptBuildPhase section */

/* Begin PBXSourcesBuildPhase section */
		1D60588E0D05DD3D006BFB54 /* Sources */ = {
			isa = PBXSourcesBuildPhase;
			buildActionMask = 2147483647;
			files = (
				1D60589B0D05DD56006BFB54 /* main.m in Sources */,
				1D3623260D0F684500981E51 /* AppDelegate.m in Sources */,
				95426307114D92CB00AA5D28 /* RootViewController.m in Sources */,
				FCD292C41BE7E60200F5BDDC /* MenuViewController.m in Sources */,
				957A93021159BB1F006760A3 /* FortuneViewController.m in Sources */,
				95EF5F83115A9A93009A01A2 /* DetailViewController.m in Sources */,
				956AAA301173D4E500FA95C9 /* Fortune.xcdatamodel in Sources */,
				956AAA371173D52200FA95C9 /* Fortune.m in Sources */,
			);
			runOnlyForDeploymentPostprocessing = 0;
		};
		FCF59BD01BF6B59300BB3D26 /* Sources */ = {
			isa = PBXSourcesBuildPhase;
			buildActionMask = 2147483647;
			files = (
				FCF59BD71BF6B59300BB3D26 /* CootieTests.m in Sources */,
			);
			runOnlyForDeploymentPostprocessing = 0;
		};
/* End PBXSourcesBuildPhase section */

/* Begin PBXTargetDependency section */
		FCF59BDA1BF6B59300BB3D26 /* PBXTargetDependency */ = {
			isa = PBXTargetDependency;
			target = 1D6058900D05DD3D006BFB54 /* Cootie */;
			targetProxy = FCF59BD91BF6B59300BB3D26 /* PBXContainerItemProxy */;
		};
/* End PBXTargetDependency section */

/* Begin XCBuildConfiguration section */
		1D6058940D05DD3E006BFB54 /* Debug */ = {
			isa = XCBuildConfiguration;
			baseConfigurationReference = E9B9BEC135829CFD74B45F60 /* Pods.debug.xcconfig */;
			buildSettings = {
				ALWAYS_SEARCH_USER_PATHS = NO;
				CODE_SIGN_IDENTITY = "iPhone Developer";
				COPY_PHASE_STRIP = NO;
				GCC_DYNAMIC_NO_PIC = NO;
				GCC_OPTIMIZATION_LEVEL = 0;
				GCC_PRECOMPILE_PREFIX_HEADER = YES;
				GCC_PREFIX_HEADER = Cootie_Prefix.pch;
				INFOPLIST_FILE = "Cootie-Info.plist";
				IPHONEOS_DEPLOYMENT_TARGET = 6.0;
				LIBRARY_SEARCH_PATHS = (
					"$(inherited)",
					"$(PROJECT_DIR)/UserVoiceSDK-3.0.0",
					"$(PROJECT_DIR)",
				);
				ONLY_ACTIVE_ARCH = YES;
				PRODUCT_BUNDLE_IDENTIFIER = com.banane.cootiecatcher;
				PRODUCT_NAME = Cootie;
			};
			name = Debug;
		};
		1D6058950D05DD3E006BFB54 /* Release */ = {
			isa = XCBuildConfiguration;
			baseConfigurationReference = 7326AFF8FC2EDA188114C70D /* Pods.release.xcconfig */;
			buildSettings = {
				ALWAYS_SEARCH_USER_PATHS = NO;
				CODE_SIGN_IDENTITY = "iPhone Developer";
				COPY_PHASE_STRIP = YES;
				GCC_PRECOMPILE_PREFIX_HEADER = YES;
				GCC_PREFIX_HEADER = Cootie_Prefix.pch;
				INFOPLIST_FILE = "Cootie-Info.plist";
				IPHONEOS_DEPLOYMENT_TARGET = 6.0;
				LIBRARY_SEARCH_PATHS = (
					"$(inherited)",
					"$(PROJECT_DIR)/UserVoiceSDK-3.0.0",
					"$(PROJECT_DIR)",
				);
				ONLY_ACTIVE_ARCH = NO;
				PRODUCT_BUNDLE_IDENTIFIER = com.banane.cootiecatcher;
				PRODUCT_NAME = Cootie;
				VALIDATE_PRODUCT = YES;
			};
			name = Release;
		};
		C01FCF4F08A954540054247B /* Debug */ = {
			isa = XCBuildConfiguration;
			buildSettings = {
				"CODE_SIGN_IDENTITY[sdk=iphoneos*]" = "iPhone Developer";
				ENABLE_TESTABILITY = YES;
				GCC_C_LANGUAGE_STANDARD = c99;
				GCC_WARN_ABOUT_RETURN_TYPE = YES;
				GCC_WARN_UNUSED_VARIABLE = YES;
				ONLY_ACTIVE_ARCH = YES;
				PREBINDING = NO;
				SDKROOT = iphoneos;
			};
			name = Debug;
		};
		C01FCF5008A954540054247B /* Release */ = {
			isa = XCBuildConfiguration;
			buildSettings = {
				"CODE_SIGN_IDENTITY[sdk=iphoneos*]" = "iPhone Distribution";
				GCC_C_LANGUAGE_STANDARD = c99;
				GCC_WARN_ABOUT_RETURN_TYPE = YES;
				GCC_WARN_UNUSED_VARIABLE = YES;
				PREBINDING = NO;
				"PROVISIONING_PROFILE[sdk=iphoneos*]" = "";
				SDKROOT = iphoneos;
			};
			name = Release;
		};
		FCF59BDB1BF6B59300BB3D26 /* Debug */ = {
			isa = XCBuildConfiguration;
			baseConfigurationReference = 32DD54E217F3E308F8B35306 /* Pods-CootieTests.debug.xcconfig */;
			buildSettings = {
				ALWAYS_SEARCH_USER_PATHS = NO;
				BUNDLE_LOADER = "$(TEST_HOST)";
				CLANG_CXX_LANGUAGE_STANDARD = "gnu++0x";
				CLANG_CXX_LIBRARY = "libc++";
				CLANG_ENABLE_MODULES = YES;
				CLANG_ENABLE_OBJC_ARC = YES;
				CLANG_WARN_BOOL_CONVERSION = YES;
				CLANG_WARN_CONSTANT_CONVERSION = YES;
				CLANG_WARN_DIRECT_OBJC_ISA_USAGE = YES_ERROR;
				CLANG_WARN_EMPTY_BODY = YES;
				CLANG_WARN_ENUM_CONVERSION = YES;
				CLANG_WARN_INT_CONVERSION = YES;
				CLANG_WARN_OBJC_ROOT_CLASS = YES_ERROR;
				CLANG_WARN_UNREACHABLE_CODE = YES;
				CLANG_WARN__DUPLICATE_METHOD_MATCH = YES;
				COPY_PHASE_STRIP = NO;
				DEBUG_INFORMATION_FORMAT = dwarf;
				ENABLE_STRICT_OBJC_MSGSEND = YES;
				GCC_C_LANGUAGE_STANDARD = gnu99;
				GCC_DYNAMIC_NO_PIC = NO;
				GCC_NO_COMMON_BLOCKS = YES;
				GCC_OPTIMIZATION_LEVEL = 0;
				GCC_PREPROCESSOR_DEFINITIONS = (
					"DEBUG=1",
					"$(inherited)",
				);
				GCC_WARN_64_TO_32_BIT_CONVERSION = YES;
				GCC_WARN_ABOUT_RETURN_TYPE = YES_ERROR;
				GCC_WARN_UNDECLARED_SELECTOR = YES;
				GCC_WARN_UNINITIALIZED_AUTOS = YES_AGGRESSIVE;
				GCC_WARN_UNUSED_FUNCTION = YES;
				INFOPLIST_FILE = CootieTests/Info.plist;
				IPHONEOS_DEPLOYMENT_TARGET = 9.0;
				LD_RUNPATH_SEARCH_PATHS = "$(inherited) @executable_path/Frameworks @loader_path/Frameworks";
				MTL_ENABLE_DEBUG_INFO = YES;
				PRODUCT_BUNDLE_IDENTIFIER = com.uservoice.CootieTests;
				PRODUCT_NAME = "$(TARGET_NAME)";
				TEST_HOST = "$(BUILT_PRODUCTS_DIR)/Cootie.app/Cootie";
			};
			name = Debug;
		};
		FCF59BDC1BF6B59300BB3D26 /* Release */ = {
			isa = XCBuildConfiguration;
			baseConfigurationReference = 2DC556036437CBB6A13B5781 /* Pods-CootieTests.release.xcconfig */;
			buildSettings = {
				ALWAYS_SEARCH_USER_PATHS = NO;
				BUNDLE_LOADER = "$(TEST_HOST)";
				CLANG_CXX_LANGUAGE_STANDARD = "gnu++0x";
				CLANG_CXX_LIBRARY = "libc++";
				CLANG_ENABLE_MODULES = YES;
				CLANG_ENABLE_OBJC_ARC = YES;
				CLANG_WARN_BOOL_CONVERSION = YES;
				CLANG_WARN_CONSTANT_CONVERSION = YES;
				CLANG_WARN_DIRECT_OBJC_ISA_USAGE = YES_ERROR;
				CLANG_WARN_EMPTY_BODY = YES;
				CLANG_WARN_ENUM_CONVERSION = YES;
				CLANG_WARN_INT_CONVERSION = YES;
				CLANG_WARN_OBJC_ROOT_CLASS = YES_ERROR;
				CLANG_WARN_UNREACHABLE_CODE = YES;
				CLANG_WARN__DUPLICATE_METHOD_MATCH = YES;
				COPY_PHASE_STRIP = NO;
				DEBUG_INFORMATION_FORMAT = "dwarf-with-dsym";
				ENABLE_NS_ASSERTIONS = NO;
				ENABLE_STRICT_OBJC_MSGSEND = YES;
				GCC_C_LANGUAGE_STANDARD = gnu99;
				GCC_NO_COMMON_BLOCKS = YES;
				GCC_WARN_64_TO_32_BIT_CONVERSION = YES;
				GCC_WARN_ABOUT_RETURN_TYPE = YES_ERROR;
				GCC_WARN_UNDECLARED_SELECTOR = YES;
				GCC_WARN_UNINITIALIZED_AUTOS = YES_AGGRESSIVE;
				GCC_WARN_UNUSED_FUNCTION = YES;
				INFOPLIST_FILE = CootieTests/Info.plist;
				IPHONEOS_DEPLOYMENT_TARGET = 9.0;
				LD_RUNPATH_SEARCH_PATHS = "$(inherited) @executable_path/Frameworks @loader_path/Frameworks";
				MTL_ENABLE_DEBUG_INFO = NO;
				PRODUCT_BUNDLE_IDENTIFIER = com.uservoice.CootieTests;
				PRODUCT_NAME = "$(TARGET_NAME)";
				TEST_HOST = "$(BUILT_PRODUCTS_DIR)/Cootie.app/Cootie";
				VALIDATE_PRODUCT = YES;
			};
			name = Release;
		};
/* End XCBuildConfiguration section */

/* Begin XCConfigurationList section */
		1D6058960D05DD3E006BFB54 /* Build configuration list for PBXNativeTarget "Cootie" */ = {
			isa = XCConfigurationList;
			buildConfigurations = (
				1D6058940D05DD3E006BFB54 /* Debug */,
				1D6058950D05DD3E006BFB54 /* Release */,
			);
			defaultConfigurationIsVisible = 0;
			defaultConfigurationName = Release;
		};
		C01FCF4E08A954540054247B /* Build configuration list for PBXProject "Cootie" */ = {
			isa = XCConfigurationList;
			buildConfigurations = (
				C01FCF4F08A954540054247B /* Debug */,
				C01FCF5008A954540054247B /* Release */,
			);
			defaultConfigurationIsVisible = 0;
			defaultConfigurationName = Release;
		};
		FCF59BDD1BF6B59300BB3D26 /* Build configuration list for PBXNativeTarget "CootieTests" */ = {
			isa = XCConfigurationList;
			buildConfigurations = (
				FCF59BDB1BF6B59300BB3D26 /* Debug */,
				FCF59BDC1BF6B59300BB3D26 /* Release */,
			);
			defaultConfigurationIsVisible = 0;
			defaultConfigurationName = Release;
		};
/* End XCConfigurationList section */
	};
	rootObject = 29B97313FDCFA39411CA2CEA /* Project object */;
}
